
Microsoft Visual Studio Solution File, Format Version 12.00
# Visual Studio Version 17
VisualStudioVersion = 17.7.34009.444
MinimumVisualStudioVersion = 10.0.40219.1
Project("{FAE04EC0-301F-11D3-BF4B-00C04F79EFBC}") = "WindowsFormsApp2", "WindowsFormsApp2\WindowsFormsApp2.csproj", "{A3726DBE-E9C4-4B0F-93ED-D13197F42933}"
EndProject
Global
	GlobalSection(SolutionConfigurationPlatforms) = preSolution
		Debug|Any CPU = Debug|Any CPU
		Debug|x86 = Debug|x86
		Release|Any CPU = Release|Any CPU
		Release|x86 = Release|x86
	EndGlobalSection
	GlobalSection(ProjectConfigurationPlatforms) = postSolution
		{A3726DBE-E9C4-4B0F-93ED-D13197F42933}.Debug|Any CPU.ActiveCfg = Debug|Any CPU
		{A3726DBE-E9C4-4B0F-93ED-D13197F42933}.Debug|Any CPU.Build.0 = Debug|Any CPU
		{A3726DBE-E9C4-4B0F-93ED-D13197F42933}.Debug|x86.ActiveCfg = Debug|x86
		{A3726DBE-E9C4-4B0F-93ED-D13197F42933}.Debug|x86.Build.0 = Debug|x86
		{A3726DBE-E9C4-4B0F-93ED-D13197F42933}.Release|Any CPU.ActiveCfg = Release|Any CPU
		{A3726DBE-E9C4-4B0F-93ED-D13197F42933}.Release|Any CPU.Build.0 = Release|Any CPU
		{A3726DBE-E9C4-4B0F-93ED-D13197F42933}.Release|x86.ActiveCfg = Release|x86
		{A3726DBE-E9C4-4B0F-93ED-D13197F42933}.Release|x86.Build.0 = Release|x86
	EndGlobalSection
	GlobalSection(SolutionProperties) = preSolution
		HideSolutionNode = FALSE
	EndGlobalSection
	GlobalSection(ExtensibilityGlobals) = postSolution
		SolutionGuid = {2D9A4091-D817-486D-882C-EF2C2A2D0E37}
	EndGlobalSection
EndGlobal
